# This file is autogenerated, do not edit; changes may be undone by the next 'dep ensure'.


[[projects]]
  name = "github.com/garyburd/redigo"
  packages = ["internal","redis"]
  revision = "47dc60e71eed504e3ef8e77ee3c6fe720f3be57f"
  version = "v1.3.0"

[[projects]]
  branch = "master"
  name = "github.com/kavehmz/opentracer-example"
  packages = ["store"]
  revision = "37018b11ae6f38df8a7b2fe6979203a8b74f5c92"

[[projects]]
  branch = "master"
  name = "github.com/opentracing/opentracing-go"
  packages = [".","ext","log"]
  revision = "1361b9cd60be79c4c3a7fa9841b3c132e40066a7"

[[projects]]
  branch = "master"
  name = "golang.org/x/net"
  packages = ["context"]
  revision = "d866cfc389cec985d6fda2859936a575a55a3ab6"

[solve-meta]
  analyzer-name = "dep"
  analyzer-version = 1
  inputs-digest = "ef1a273ed45e098245594cc3114d955ffdcf3a88308ad1865e498675dcdf9c5f"
  solver-name = "gps-cdcl"
  solver-version = 1
